
Microsoft Visual Studio Solution File, Format Version 12.00
# Visual Studio Version 17
VisualStudioVersion = 17.4.33122.133
MinimumVisualStudioVersion = 10.0.40219.1
Project("{9A19103F-16F7-4668-BE54-9A1E7A4F7556}") = "EducationalApi.Application", "EducationalApi.Application\EducationalApi.Application.csproj", "{89215C13-9A77-436A-8033-F4CDFEBD8C9C}"
EndProject
Project("{9A19103F-16F7-4668-BE54-9A1E7A4F7556}") = "EducationalApi.Domain", "EducationalApi.Domain\EducationalApi.Domain.csproj", "{6271D0E3-60EF-4C5B-94EA-D8419B3D6529}"
EndProject
Project("{9A19103F-16F7-4668-BE54-9A1E7A4F7556}") = "EducationalApi.Infra", "EducationalApi.Infra\EducationalApi.Infra.csproj", "{C9EAFBF7-9182-448E-A995-FAD09C93CEBF}"
EndProject
Project("{9A19103F-16F7-4668-BE54-9A1E7A4F7556}") = "EducationalApi.App", "EducationalApi.App\EducationalApi.App.csproj", "{25A0A9C5-948C-43F9-AD09-AD47205EE35A}"
EndProject
Global
	GlobalSection(SolutionConfigurationPlatforms) = preSolution
		Debug|Any CPU = Debug|Any CPU
		Release|Any CPU = Release|Any CPU
	EndGlobalSection
	GlobalSection(ProjectConfigurationPlatforms) = postSolution
		{89215C13-9A77-436A-8033-F4CDFEBD8C9C}.Debug|Any CPU.ActiveCfg = Debug|Any CPU
		{89215C13-9A77-436A-8033-F4CDFEBD8C9C}.Debug|Any CPU.Build.0 = Debug|Any CPU
		{89215C13-9A77-436A-8033-F4CDFEBD8C9C}.Release|Any CPU.ActiveCfg = Release|Any CPU
		{89215C13-9A77-436A-8033-F4CDFEBD8C9C}.Release|Any CPU.Build.0 = Release|Any CPU
		{6271D0E3-60EF-4C5B-94EA-D8419B3D6529}.Debug|Any CPU.ActiveCfg = Debug|Any CPU
		{6271D0E3-60EF-4C5B-94EA-D8419B3D6529}.Debug|Any CPU.Build.0 = Debug|Any CPU
		{6271D0E3-60EF-4C5B-94EA-D8419B3D6529}.Release|Any CPU.ActiveCfg = Release|Any CPU
		{6271D0E3-60EF-4C5B-94EA-D8419B3D6529}.Release|Any CPU.Build.0 = Release|Any CPU
		{C9EAFBF7-9182-448E-A995-FAD09C93CEBF}.Debug|Any CPU.ActiveCfg = Debug|Any CPU
		{C9EAFBF7-9182-448E-A995-FAD09C93CEBF}.Debug|Any CPU.Build.0 = Debug|Any CPU
		{C9EAFBF7-9182-448E-A995-FAD09C93CEBF}.Release|Any CPU.ActiveCfg = Release|Any CPU
		{C9EAFBF7-9182-448E-A995-FAD09C93CEBF}.Release|Any CPU.Build.0 = Release|Any CPU
		{25A0A9C5-948C-43F9-AD09-AD47205EE35A}.Debug|Any CPU.ActiveCfg = Debug|Any CPU
		{25A0A9C5-948C-43F9-AD09-AD47205EE35A}.Debug|Any CPU.Build.0 = Debug|Any CPU
		{25A0A9C5-948C-43F9-AD09-AD47205EE35A}.Release|Any CPU.ActiveCfg = Release|Any CPU
		{25A0A9C5-948C-43F9-AD09-AD47205EE35A}.Release|Any CPU.Build.0 = Release|Any CPU
	EndGlobalSection
	GlobalSection(SolutionProperties) = preSolution
		HideSolutionNode = FALSE
	EndGlobalSection
	GlobalSection(ExtensibilityGlobals) = postSolution
		SolutionGuid = {096D629D-C22B-4671-8356-C21B6998DFC1}
	EndGlobalSection
EndGlobal
